
Microsoft Visual Studio Solution File, Format Version 12.00
# Visual Studio Version 17
VisualStudioVersion = 17.4.33213.308
MinimumVisualStudioVersion = 10.0.40219.1
Project("{FAE04EC0-301F-11D3-BF4B-00C04F79EFBC}") = "TheGreenHunter_SV21341", "TheGreenHunter_SV21341.csproj", "{0154DFB6-BCD5-4F08-B434-11B9A721429A}"
EndProject
Global
	GlobalSection(SolutionConfigurationPlatforms) = preSolution
		Debug|Any CPU = Debug|Any CPU
		Release|Any CPU = Release|Any CPU
	EndGlobalSection
	GlobalSection(ProjectConfigurationPlatforms) = postSolution
		{0154DFB6-BCD5-4F08-B434-11B9A721429A}.Debug|Any CPU.ActiveCfg = Debug|Any CPU
		{0154DFB6-BCD5-4F08-B434-11B9A721429A}.Debug|Any CPU.Build.0 = Debug|Any CPU
		{0154DFB6-BCD5-4F08-B434-11B9A721429A}.Release|Any CPU.ActiveCfg = Release|Any CPU
		{0154DFB6-BCD5-4F08-B434-11B9A721429A}.Release|Any CPU.Build.0 = Release|Any CPU
	EndGlobalSection
	GlobalSection(SolutionProperties) = preSolution
		HideSolutionNode = FALSE
	EndGlobalSection
	GlobalSection(ExtensibilityGlobals) = postSolution
		SolutionGuid = {2D6A5793-49FC-4E49-B227-729987FE6310}
	EndGlobalSection
EndGlobal
